
Microsoft Visual Studio Solution File, Format Version 12.00
# Visual Studio Version 16
VisualStudioVersion = 16.0.30114.105
MinimumVisualStudioVersion = 10.0.40219.1
Project("{FAE04EC0-301F-11D3-BF4B-00C04F79EFBC}") = "flaUIlibrary", "flaUIlibrary\flaUIlibrary.csproj", "{44178F84-64F9-4BE6-9AB6-88A69F908037}"
EndProject
Project("{FAE04EC0-301F-11D3-BF4B-00C04F79EFBC}") = "ShowCase", "ShowCase\ShowCase.csproj", "{34D50DCC-F085-49C7-B8ED-99EE76B758EE}"
EndProject
Global
	GlobalSection(SolutionConfigurationPlatforms) = preSolution
		Debug|Any CPU = Debug|Any CPU
		Debug|x64 = Debug|x64
		Debug|x86 = Debug|x86
		Release|Any CPU = Release|Any CPU
		Release|x64 = Release|x64
		Release|x86 = Release|x86
	EndGlobalSection
	GlobalSection(SolutionProperties) = preSolution
		HideSolutionNode = FALSE
	EndGlobalSection
	GlobalSection(ProjectConfigurationPlatforms) = postSolution
		{44178F84-64F9-4BE6-9AB6-88A69F908037}.Debug|Any CPU.ActiveCfg = Debug|Any CPU
		{44178F84-64F9-4BE6-9AB6-88A69F908037}.Debug|Any CPU.Build.0 = Debug|Any CPU
		{44178F84-64F9-4BE6-9AB6-88A69F908037}.Debug|x64.ActiveCfg = Debug|Any CPU
		{44178F84-64F9-4BE6-9AB6-88A69F908037}.Debug|x64.Build.0 = Debug|Any CPU
		{44178F84-64F9-4BE6-9AB6-88A69F908037}.Debug|x86.ActiveCfg = Debug|Any CPU
		{44178F84-64F9-4BE6-9AB6-88A69F908037}.Debug|x86.Build.0 = Debug|Any CPU
		{44178F84-64F9-4BE6-9AB6-88A69F908037}.Release|Any CPU.ActiveCfg = Release|Any CPU
		{44178F84-64F9-4BE6-9AB6-88A69F908037}.Release|Any CPU.Build.0 = Release|Any CPU
		{44178F84-64F9-4BE6-9AB6-88A69F908037}.Release|x64.ActiveCfg = Release|Any CPU
		{44178F84-64F9-4BE6-9AB6-88A69F908037}.Release|x64.Build.0 = Release|Any CPU
		{44178F84-64F9-4BE6-9AB6-88A69F908037}.Release|x86.ActiveCfg = Release|Any CPU
		{44178F84-64F9-4BE6-9AB6-88A69F908037}.Release|x86.Build.0 = Release|Any CPU
		{34D50DCC-F085-49C7-B8ED-99EE76B758EE}.Debug|Any CPU.ActiveCfg = Debug|Any CPU
		{34D50DCC-F085-49C7-B8ED-99EE76B758EE}.Debug|Any CPU.Build.0 = Debug|Any CPU
		{34D50DCC-F085-49C7-B8ED-99EE76B758EE}.Debug|x64.ActiveCfg = Debug|Any CPU
		{34D50DCC-F085-49C7-B8ED-99EE76B758EE}.Debug|x64.Build.0 = Debug|Any CPU
		{34D50DCC-F085-49C7-B8ED-99EE76B758EE}.Debug|x86.ActiveCfg = Debug|Any CPU
		{34D50DCC-F085-49C7-B8ED-99EE76B758EE}.Debug|x86.Build.0 = Debug|Any CPU
		{34D50DCC-F085-49C7-B8ED-99EE76B758EE}.Release|Any CPU.ActiveCfg = Release|Any CPU
		{34D50DCC-F085-49C7-B8ED-99EE76B758EE}.Release|Any CPU.Build.0 = Release|Any CPU
		{34D50DCC-F085-49C7-B8ED-99EE76B758EE}.Release|x64.ActiveCfg = Release|Any CPU
		{34D50DCC-F085-49C7-B8ED-99EE76B758EE}.Release|x64.Build.0 = Release|Any CPU
		{34D50DCC-F085-49C7-B8ED-99EE76B758EE}.Release|x86.ActiveCfg = Release|Any CPU
		{34D50DCC-F085-49C7-B8ED-99EE76B758EE}.Release|x86.Build.0 = Release|Any CPU
	EndGlobalSection
EndGlobal
